
Microsoft Visual Studio Solution File, Format Version 12.00
# Visual Studio 15
VisualStudioVersion = 15.0.28307.960
MinimumVisualStudioVersion = 10.0.40219.1
Project("{FAE04EC0-301F-11D3-BF4B-00C04F79EFBC}") = "Take Two Stones", "Take Two Stones\Take Two Stones.csproj", "{AEC757B5-EB3E-44C0-A8E1-AC55AA82542A}"
EndProject
Global
	GlobalSection(SolutionConfigurationPlatforms) = preSolution
		Debug|Any CPU = Debug|Any CPU
		Release|Any CPU = Release|Any CPU
	EndGlobalSection
	GlobalSection(ProjectConfigurationPlatforms) = postSolution
		{AEC757B5-EB3E-44C0-A8E1-AC55AA82542A}.Debug|Any CPU.ActiveCfg = Debug|Any CPU
		{AEC757B5-EB3E-44C0-A8E1-AC55AA82542A}.Debug|Any CPU.Build.0 = Debug|Any CPU
		{AEC757B5-EB3E-44C0-A8E1-AC55AA82542A}.Release|Any CPU.ActiveCfg = Release|Any CPU
		{AEC757B5-EB3E-44C0-A8E1-AC55AA82542A}.Release|Any CPU.Build.0 = Release|Any CPU
	EndGlobalSection
	GlobalSection(SolutionProperties) = preSolution
		HideSolutionNode = FALSE
	EndGlobalSection
	GlobalSection(ExtensibilityGlobals) = postSolution
		SolutionGuid = {14CCD924-F5F8-43CF-8442-80BC81CCD566}
	EndGlobalSection
EndGlobal
